
Microsoft Visual Studio Solution File, Format Version 12.00
# Visual Studio Version 17
VisualStudioVersion = 17.6.33723.286
MinimumVisualStudioVersion = 10.0.40219.1
Project("{FAE04EC0-301F-11D3-BF4B-00C04F79EFBC}") = "ZipMyFile", "ZipMyFile\ZipMyFile.csproj", "{EF2D3A13-BDF9-4BF1-9CCE-57D3A1F7EEE0}"
EndProject
Global
	GlobalSection(SolutionConfigurationPlatforms) = preSolution
		Debug|Any CPU = Debug|Any CPU
		Release|Any CPU = Release|Any CPU
	EndGlobalSection
	GlobalSection(ProjectConfigurationPlatforms) = postSolution
		{EF2D3A13-BDF9-4BF1-9CCE-57D3A1F7EEE0}.Debug|Any CPU.ActiveCfg = Debug|Any CPU
		{EF2D3A13-BDF9-4BF1-9CCE-57D3A1F7EEE0}.Debug|Any CPU.Build.0 = Debug|Any CPU
		{EF2D3A13-BDF9-4BF1-9CCE-57D3A1F7EEE0}.Release|Any CPU.ActiveCfg = Release|Any CPU
		{EF2D3A13-BDF9-4BF1-9CCE-57D3A1F7EEE0}.Release|Any CPU.Build.0 = Release|Any CPU
	EndGlobalSection
	GlobalSection(SolutionProperties) = preSolution
		HideSolutionNode = FALSE
	EndGlobalSection
	GlobalSection(ExtensibilityGlobals) = postSolution
		SolutionGuid = {30013537-6AD9-43C9-9986-79382A706CD3}
	EndGlobalSection
EndGlobal
